
Microsoft Visual Studio Solution File, Format Version 12.00
# Visual Studio Version 17
VisualStudioVersion = 17.4.33213.308
MinimumVisualStudioVersion = 10.0.40219.1
Project("{FAE04EC0-301F-11D3-BF4B-00C04F79EFBC}") = "AppBancoDigital.Android", "AppBancoDigital\AppBancoDigital.Android\AppBancoDigital.Android.csproj", "{5B1EE984-1222-497C-AE35-DBCBA9647566}"
EndProject
Project("{FAE04EC0-301F-11D3-BF4B-00C04F79EFBC}") = "AppBancoDigital", "AppBancoDigital\AppBancoDigital\AppBancoDigital.csproj", "{2DE9C53B-3B65-4886-93D7-86A714DA735A}"
EndProject
Global
	GlobalSection(SolutionConfigurationPlatforms) = preSolution
		Debug|Any CPU = Debug|Any CPU
		Release|Any CPU = Release|Any CPU
	EndGlobalSection
	GlobalSection(ProjectConfigurationPlatforms) = postSolution
		{5B1EE984-1222-497C-AE35-DBCBA9647566}.Debug|Any CPU.ActiveCfg = Debug|Any CPU
		{5B1EE984-1222-497C-AE35-DBCBA9647566}.Debug|Any CPU.Build.0 = Debug|Any CPU
		{5B1EE984-1222-497C-AE35-DBCBA9647566}.Debug|Any CPU.Deploy.0 = Debug|Any CPU
		{5B1EE984-1222-497C-AE35-DBCBA9647566}.Release|Any CPU.ActiveCfg = Release|Any CPU
		{5B1EE984-1222-497C-AE35-DBCBA9647566}.Release|Any CPU.Build.0 = Release|Any CPU
		{5B1EE984-1222-497C-AE35-DBCBA9647566}.Release|Any CPU.Deploy.0 = Release|Any CPU
		{2DE9C53B-3B65-4886-93D7-86A714DA735A}.Debug|Any CPU.ActiveCfg = Debug|Any CPU
		{2DE9C53B-3B65-4886-93D7-86A714DA735A}.Debug|Any CPU.Build.0 = Debug|Any CPU
		{2DE9C53B-3B65-4886-93D7-86A714DA735A}.Debug|Any CPU.Deploy.0 = Debug|Any CPU
		{2DE9C53B-3B65-4886-93D7-86A714DA735A}.Release|Any CPU.ActiveCfg = Release|Any CPU
		{2DE9C53B-3B65-4886-93D7-86A714DA735A}.Release|Any CPU.Build.0 = Release|Any CPU
		{2DE9C53B-3B65-4886-93D7-86A714DA735A}.Release|Any CPU.Deploy.0 = Release|Any CPU
	EndGlobalSection
	GlobalSection(SolutionProperties) = preSolution
		HideSolutionNode = FALSE
	EndGlobalSection
	GlobalSection(ExtensibilityGlobals) = postSolution
		SolutionGuid = {DCD6AF80-D30B-4D07-823A-B8348F45EC00}
	EndGlobalSection
EndGlobal
